
Microsoft Visual Studio Solution File, Format Version 12.00
# Visual Studio Version 17
VisualStudioVersion = 17.5.002.0
MinimumVisualStudioVersion = 10.0.40219.1
Project("{9A19103F-16F7-4668-BE54-9A1E7A4F7556}") = "Practica-colecciones", "Practica-colecciones.csproj", "{F466A956-A1BD-43E9-98B5-6680D39D071B}"
EndProject
Global
	GlobalSection(SolutionConfigurationPlatforms) = preSolution
		Debug|Any CPU = Debug|Any CPU
		Release|Any CPU = Release|Any CPU
	EndGlobalSection
	GlobalSection(ProjectConfigurationPlatforms) = postSolution
		{F466A956-A1BD-43E9-98B5-6680D39D071B}.Debug|Any CPU.ActiveCfg = Debug|Any CPU
		{F466A956-A1BD-43E9-98B5-6680D39D071B}.Debug|Any CPU.Build.0 = Debug|Any CPU
		{F466A956-A1BD-43E9-98B5-6680D39D071B}.Release|Any CPU.ActiveCfg = Release|Any CPU
		{F466A956-A1BD-43E9-98B5-6680D39D071B}.Release|Any CPU.Build.0 = Release|Any CPU
	EndGlobalSection
	GlobalSection(SolutionProperties) = preSolution
		HideSolutionNode = FALSE
	EndGlobalSection
	GlobalSection(ExtensibilityGlobals) = postSolution
		SolutionGuid = {77BE77E0-98FE-480B-B220-3E757AEEC1EE}
	EndGlobalSection
EndGlobal
